{
  "nodes": {
    "disko": {
      "inputs": {
        "nixpkgs": [
          "nixpkgs"
        ]
      },
      "locked": {
        "lastModified": 1768920986,
        "narHash": "sha256-CNzzBsRhq7gg4BMBuTDObiWDH/rFYHEuDRVOwCcwXw4=",
        "owner": "nix-community",
        "repo": "disko",
        "rev": "de5708739256238fb912c62f03988815db89ec9a",
        "type": "github"
      },
      "original": {
        "owner": "nix-community",
        "ref": "latest",
        "repo": "disko",
        "type": "github"
      }
    },
    "home-manager": {
      "inputs": {
        "nixpkgs": [
          "nixpkgs"
        ]
      },
      "locked": {
        "lastModified": 1781064232,
        "narHash": "sha256-+7cIaqM6ucKf5fDyMnkwehxG8tBdaU51TZOMtxacXmI=",
        "owner": "nix-community",
        "repo": "home-manager",
        "rev": "1ffdc28076a1809ee7c0cf08f06af18f31c480cd",
        "type": "github"
      },
      "original": {
        "owner": "nix-community",
        "ref": "master",
        "repo": "home-manager",
        "type": "github"
      }
    },
    "nixpkgs": {
      "locked": {
        "lastModified": 1780749050,
        "narHash": "sha256-3av0pIjlOWQ6rDbNOmpUSvbNnJkGORQKKjb4LtCZsIY=",
        "owner": "NixOS",
        "repo": "nixpkgs",
        "rev": "a799d3e3886da994fa307f817a6bc705ae538eeb",
        "type": "github"
      },
      "original": {
        "owner": "NixOS",
        "ref": "nixos-unstable",
        "repo": "nixpkgs",
        "type": "github"
      }
    },
    "nixpkgs-kernel": {
      "locked": {
        "lastModified": 1778443072,
        "narHash": "sha256-zi7/fsqM/kFdNuED//4WOCUtezGtKKqRNORjMvfwjnA=",
        "owner": "NixOS",
        "repo": "nixpkgs",
        "rev": "da5ad661ba4e5ef59ba743f0d112cbc30e474f32",
        "type": "github"
      },
      "original": {
        "owner": "NixOS",
        "repo": "nixpkgs",
        "rev": "da5ad661ba4e5ef59ba743f0d112cbc30e474f32",
        "type": "github"
      }
    },
    "nixpkgs-master": {
      "locked": {
        "lastModified": 1781080787,
        "narHash": "sha256-38s9z/puTkNfNQ/CCVlo53eUMQ9vo73SN4abJFk0v4w=",
        "owner": "NixOS",
        "repo": "nixpkgs",
        "rev": "de66741a756fb2b478341c8d6bf63fa178eda64f",
        "type": "github"
      },
      "original": {
        "owner": "NixOS",
        "ref": "master",
        "repo": "nixpkgs",
        "type": "github"
      }
    },
    "nvim-config": {
      "flake": false,
      "locked": {
        "lastModified": 1779801718,
        "narHash": "sha256-igzJqsWepC0HK0AwBf0ClaB0aNi7cT0tsZpQ/lEGVMc=",
        "owner": "jbb494",
        "repo": "nvim",
        "rev": "11ef5f0163a360d8358c85b6966a52eeef0b0f98",
        "type": "github"
      },
      "original": {
        "owner": "jbb494",
        "repo": "nvim",
        "type": "github"
      }
    },
    "rollnroll-devtools": {
      "locked": {
        "path": "./stubs/rollnroll-devtools",
        "type": "path"
      },
      "original": {
        "path": "./stubs/rollnroll-devtools",
        "type": "path"
      },
      "parent": []
    },
    "root": {
      "inputs": {
        "disko": "disko",
        "home-manager": "home-manager",
        "nixpkgs": "nixpkgs",
        "nixpkgs-kernel": "nixpkgs-kernel",
        "nixpkgs-master": "nixpkgs-master",
        "nvim-config": "nvim-config",
        "rollnroll-devtools": "rollnroll-devtools"
      }
    }
  },
  "root": "root",
  "version": 7
}
