{
  "nodes": {
    "disko": {
      "inputs": {
        "nixpkgs": [
          "nixpkgs"
        ]
      },
      "locked": {
        "lastModified": 1768920986,
        "narHash": "sha256-CNzzBsRhq7gg4BMBuTDObiWDH/rFYHEuDRVOwCcwXw4=",
        "owner": "nix-community",
        "repo": "disko",
        "rev": "de5708739256238fb912c62f03988815db89ec9a",
        "type": "github"
      },
      "original": {
        "owner": "nix-community",
        "ref": "latest",
        "repo": "disko",
        "type": "github"
      }
    },
    "home-manager": {
      "inputs": {
        "nixpkgs": [
          "nixpkgs"
        ]
      },
      "locked": {
        "lastModified": 1778503501,
        "narHash": "sha256-08L/X4/do7nET4rzidJ76eV/1r+mB7DchVpdPypsghc=",
        "owner": "nix-community",
        "repo": "home-manager",
        "rev": "85ba629c79449badf4338117c27f0ee92b4b9f1a",
        "type": "github"
      },
      "original": {
        "owner": "nix-community",
        "ref": "master",
        "repo": "home-manager",
        "type": "github"
      }
    },
    "nixpkgs": {
      "locked": {
        "lastModified": 1778443072,
        "narHash": "sha256-zi7/fsqM/kFdNuED//4WOCUtezGtKKqRNORjMvfwjnA=",
        "owner": "NixOS",
        "repo": "nixpkgs",
        "rev": "da5ad661ba4e5ef59ba743f0d112cbc30e474f32",
        "type": "github"
      },
      "original": {
        "owner": "NixOS",
        "ref": "nixos-unstable",
        "repo": "nixpkgs",
        "type": "github"
      }
    },
    "nvim-config": {
      "flake": false,
      "locked": {
        "lastModified": 1778795757,
        "narHash": "sha256-ysabEtEvOtO45y6S/xup6irJnzOW2u7HODbz+1vDZgE=",
        "owner": "jbb494",
        "repo": "nvim",
        "rev": "e4ca0e5faa74a99aff6aa157db24bd5e26deedc6",
        "type": "github"
      },
      "original": {
        "owner": "jbb494",
        "repo": "nvim",
        "type": "github"
      }
    },
    "rollnroll-devtools": {
      "locked": {
        "lastModified": 1778848412,
        "narHash": "sha256-fQ5GKY1vm1LkmkPZPIdQ6nESn6iY9/+xSPQRshx7OKc=",
        "ref": "refs/heads/main",
        "rev": "1c77a47cef1267292da05c1d8b1e95fe4541204a",
        "revCount": 4,
        "type": "git",
        "url": "ssh://git@github.com-rollnroll/joan-lgtm/devtools.git"
      },
      "original": {
        "type": "git",
        "url": "ssh://git@github.com-rollnroll/joan-lgtm/devtools.git"
      }
    },
    "root": {
      "inputs": {
        "disko": "disko",
        "home-manager": "home-manager",
        "nixpkgs": "nixpkgs",
        "nvim-config": "nvim-config",
        "rollnroll-devtools": "rollnroll-devtools"
      }
    }
  },
  "root": "root",
  "version": 7
}
